hash: 9e5e92d6d395fa7b6bfc483c8cffb9155e7254b984d59fa0683f88b65389e295
updated: 2019-01-18T00:56:16.438925103-05:00
imports:
- name: github.com/coreos/go-systemd
  version: 9002847aa1425fb6ac49077c0a630b3b67e0fbfd
  subpackages:
  - activation
- name: github.com/docker/distribution
  version: b75069ef13a1de846c0cdf964f5917f5b00c1a47
  subpackages:
  - digestset
  - reference
- name: github.com/docker/engine-api
  version: 3d1601b9d2436a70b0dfc045a23f6503d19195df
  subpackages:
  - client
  - client/transport
  - client/transport/cancellable
  - types
  - types/blkiodev
  - types/container
  - types/filters
  - types/network
  - types/reference
  - types/registry
  - types/strslice
  - types/swarm
  - types/time
  - types/versions
- name: github.com/docker/go-connections
  version: 97c2040d34dfae1d1b1275fa3a78dbdd2f41cf7e
  subpackages:
  - nat
  - sockets
  - tlsconfig
- name: github.com/docker/go-plugins-helpers
  version: 1e6269c305b8c75cfda1c8aa91349c38d7335814
  subpackages:
  - sdk
  - volume
- name: github.com/docker/go-units
  version: 2fb04c6466a548a03cb009c5569ee1ab1e35398e
- name: github.com/fatih/color
  version: 5b77d2a35fb0ede96d138fc9a99f5c9b6aef11b4
- name: github.com/mattn/go-colorable
  version: efa589957cd060542a26d2dd7832fd6a6c6c3ade
- name: github.com/mattn/go-isatty
  version: 3fb116b820352b7f0c281308a4d6250c22d94e27
- name: github.com/Microsoft/go-winio
  version: 75bf6ca3d7cb77506c52495e61472c131a254d56
- name: github.com/opencontainers/go-digest
  version: c9281466c8b2f606084ac71339773efd177436e7
- name: github.com/pkg/errors
  version: ffb6e22f01932bf7ac35e0bad9be11f01d1c8685
- name: golang.org/x/net
  version: 915654e7eabcea33ae277abbecf52f0d8b7a9fdc
  subpackages:
  - context
  - internal/socks
  - proxy
- name: golang.org/x/sys
  version: 11f53e03133963fb11ae0588e08b5e0b85be8be5
  subpackages:
  - unix
  - windows
testImports: []
